
Microsoft Visual Studio Solution File, Format Version 12.00
# Visual Studio Version 16
VisualStudioVersion = 16.0.30523.141
MinimumVisualStudioVersion = 10.0.40219.1
Project("{9A19103F-16F7-4668-BE54-9A1E7A4F7556}") = "MoodAnalyser", "MoodAnalyser.csproj", "{2918920E-B13C-45DD-AC97-1935576254F3}"
EndProject
Project("{9A19103F-16F7-4668-BE54-9A1E7A4F7556}") = "MStest", "MStest\MStest.csproj", "{04F498BD-B142-4A5F-95E3-0DB097A5DDEB}"
EndProject
Global
	GlobalSection(SolutionConfigurationPlatforms) = preSolution
		Debug|Any CPU = Debug|Any CPU
		Release|Any CPU = Release|Any CPU
	EndGlobalSection
	GlobalSection(ProjectConfigurationPlatforms) = postSolution
		{2918920E-B13C-45DD-AC97-1935576254F3}.Debug|Any CPU.ActiveCfg = Debug|Any CPU
		{2918920E-B13C-45DD-AC97-1935576254F3}.Debug|Any CPU.Build.0 = Debug|Any CPU
		{2918920E-B13C-45DD-AC97-1935576254F3}.Release|Any CPU.ActiveCfg = Release|Any CPU
		{2918920E-B13C-45DD-AC97-1935576254F3}.Release|Any CPU.Build.0 = Release|Any CPU
		{04F498BD-B142-4A5F-95E3-0DB097A5DDEB}.Debug|Any CPU.ActiveCfg = Debug|Any CPU
		{04F498BD-B142-4A5F-95E3-0DB097A5DDEB}.Debug|Any CPU.Build.0 = Debug|Any CPU
		{04F498BD-B142-4A5F-95E3-0DB097A5DDEB}.Release|Any CPU.ActiveCfg = Release|Any CPU
		{04F498BD-B142-4A5F-95E3-0DB097A5DDEB}.Release|Any CPU.Build.0 = Release|Any CPU
	EndGlobalSection
	GlobalSection(SolutionProperties) = preSolution
		HideSolutionNode = FALSE
	EndGlobalSection
	GlobalSection(ExtensibilityGlobals) = postSolution
		SolutionGuid = {C3AF7716-79D3-4B2E-B5B3-5972364A389B}
	EndGlobalSection
EndGlobal
